
Microsoft Visual Studio Solution File, Format Version 12.00
Project("{2150E333-8FDC-42A3-9474-1A3956D46DE8}") = "src", "src", "{EEFB0796-D6D1-447E-B570-C3CF739885FE}"
EndProject
Project("{2150E333-8FDC-42A3-9474-1A3956D46DE8}") = "Core", "Core", "{87B1ABC2-DEFF-473B-93C6-E6307A87F0ED}"
EndProject
Project("{FAE04EC0-301F-11D3-BF4B-00C04F79EFBC}") = "NetXAngularPG.Domain", "src\Core\NetXAngularPG.Domain\NetXAngularPG.Domain.csproj", "{88F9A658-BEB2-4BF5-9224-100C74124609}"
EndProject
Project("{FAE04EC0-301F-11D3-BF4B-00C04F79EFBC}") = "NetXAngularPG.Application", "src\Core\NetXAngularPG.Application\NetXAngularPG.Application.csproj", "{60E8E3F5-42A1-42F2-B41C-F90103791A0B}"
EndProject
Project("{2150E333-8FDC-42A3-9474-1A3956D46DE8}") = "Infrastructure", "Infrastructure", "{A9CEF12E-2F9D-4C74-A5B0-65E95654068D}"
EndProject
Project("{FAE04EC0-301F-11D3-BF4B-00C04F79EFBC}") = "NetXAngularPG.Infrastructure", "src\Infrastructure\NetXAngularPG.Infrastructure\NetXAngularPG.Infrastructure.csproj", "{9EB1FEE6-5C04-4BAC-BC7E-984AE7EBE8C2}"
EndProject
Project("{FAE04EC0-301F-11D3-BF4B-00C04F79EFBC}") = "NetXAngularPG.Persistance", "src\Infrastructure\NetXAngularPG.Persistance\NetXAngularPG.Persistance.csproj", "{86BB05AD-ACEA-4BA2-A663-00893A8DDE56}"
EndProject
Project("{2150E333-8FDC-42A3-9474-1A3956D46DE8}") = "Presentation", "Presentation", "{B13A813A-06EB-497F-8419-98EA2C1E5050}"
EndProject
Project("{FAE04EC0-301F-11D3-BF4B-00C04F79EFBC}") = "NetXAngularPG.API", "src\Presentation\NetXAngularPG.API\NetXAngularPG.API.csproj", "{754F3B2E-F6A5-4F67-8B1E-13E7BB414DDA}"
EndProject
Global
	GlobalSection(SolutionConfigurationPlatforms) = preSolution
		Debug|Any CPU = Debug|Any CPU
		Release|Any CPU = Release|Any CPU
	EndGlobalSection
	GlobalSection(ProjectConfigurationPlatforms) = postSolution
		{88F9A658-BEB2-4BF5-9224-100C74124609}.Debug|Any CPU.ActiveCfg = Debug|Any CPU
		{88F9A658-BEB2-4BF5-9224-100C74124609}.Debug|Any CPU.Build.0 = Debug|Any CPU
		{88F9A658-BEB2-4BF5-9224-100C74124609}.Release|Any CPU.ActiveCfg = Release|Any CPU
		{88F9A658-BEB2-4BF5-9224-100C74124609}.Release|Any CPU.Build.0 = Release|Any CPU
		{60E8E3F5-42A1-42F2-B41C-F90103791A0B}.Debug|Any CPU.ActiveCfg = Debug|Any CPU
		{60E8E3F5-42A1-42F2-B41C-F90103791A0B}.Debug|Any CPU.Build.0 = Debug|Any CPU
		{60E8E3F5-42A1-42F2-B41C-F90103791A0B}.Release|Any CPU.ActiveCfg = Release|Any CPU
		{60E8E3F5-42A1-42F2-B41C-F90103791A0B}.Release|Any CPU.Build.0 = Release|Any CPU
		{9EB1FEE6-5C04-4BAC-BC7E-984AE7EBE8C2}.Debug|Any CPU.ActiveCfg = Debug|Any CPU
		{9EB1FEE6-5C04-4BAC-BC7E-984AE7EBE8C2}.Debug|Any CPU.Build.0 = Debug|Any CPU
		{9EB1FEE6-5C04-4BAC-BC7E-984AE7EBE8C2}.Release|Any CPU.ActiveCfg = Release|Any CPU
		{9EB1FEE6-5C04-4BAC-BC7E-984AE7EBE8C2}.Release|Any CPU.Build.0 = Release|Any CPU
		{86BB05AD-ACEA-4BA2-A663-00893A8DDE56}.Debug|Any CPU.ActiveCfg = Debug|Any CPU
		{86BB05AD-ACEA-4BA2-A663-00893A8DDE56}.Debug|Any CPU.Build.0 = Debug|Any CPU
		{86BB05AD-ACEA-4BA2-A663-00893A8DDE56}.Release|Any CPU.ActiveCfg = Release|Any CPU
		{86BB05AD-ACEA-4BA2-A663-00893A8DDE56}.Release|Any CPU.Build.0 = Release|Any CPU
		{754F3B2E-F6A5-4F67-8B1E-13E7BB414DDA}.Debug|Any CPU.ActiveCfg = Debug|Any CPU
		{754F3B2E-F6A5-4F67-8B1E-13E7BB414DDA}.Debug|Any CPU.Build.0 = Debug|Any CPU
		{754F3B2E-F6A5-4F67-8B1E-13E7BB414DDA}.Release|Any CPU.ActiveCfg = Release|Any CPU
		{754F3B2E-F6A5-4F67-8B1E-13E7BB414DDA}.Release|Any CPU.Build.0 = Release|Any CPU
	EndGlobalSection
	GlobalSection(NestedProjects) = preSolution
		{87B1ABC2-DEFF-473B-93C6-E6307A87F0ED} = {EEFB0796-D6D1-447E-B570-C3CF739885FE}
		{88F9A658-BEB2-4BF5-9224-100C74124609} = {87B1ABC2-DEFF-473B-93C6-E6307A87F0ED}
		{60E8E3F5-42A1-42F2-B41C-F90103791A0B} = {87B1ABC2-DEFF-473B-93C6-E6307A87F0ED}
		{A9CEF12E-2F9D-4C74-A5B0-65E95654068D} = {EEFB0796-D6D1-447E-B570-C3CF739885FE}
		{9EB1FEE6-5C04-4BAC-BC7E-984AE7EBE8C2} = {A9CEF12E-2F9D-4C74-A5B0-65E95654068D}
		{86BB05AD-ACEA-4BA2-A663-00893A8DDE56} = {A9CEF12E-2F9D-4C74-A5B0-65E95654068D}
		{B13A813A-06EB-497F-8419-98EA2C1E5050} = {EEFB0796-D6D1-447E-B570-C3CF739885FE}
		{754F3B2E-F6A5-4F67-8B1E-13E7BB414DDA} = {B13A813A-06EB-497F-8419-98EA2C1E5050}
	EndGlobalSection
EndGlobal
